{
  "name": "@sveltejs/site-kit",
  "version": "1.0.0",
  "lockfileVersion": 1,
  "requires": true,
  "dependencies": {
    "@sindresorhus/slugify": {
      "version": "0.9.1",
      "resolved": "https://registry.npmjs.org/@sindresorhus/slugify/-/slugify-0.9.1.tgz",
      "integrity": "sha512-b6heYM9dzZD13t2GOiEQTDE0qX+I1GyOotMwKh9VQqzuNiVdPVT8dM43fe9HNb/3ul+Qwd5oKSEDrDIfhq3bnQ==",
      "requires": {
        "escape-string-regexp": "^1.0.5",
        "lodash.deburr": "^4.1.0"
      }
    },
    "escape-string-regexp": {
      "version": "1.0.5",
      "resolved": "https://registry.npmjs.org/escape-string-regexp/-/escape-string-regexp-1.0.5.tgz",
      "integrity": "sha1-G2HAViGQqN/2rjuyzwIAyhMLhtQ="
    },
    "golden-fleece": {
      "version": "1.0.9",
      "resolved": "https://registry.npmjs.org/golden-fleece/-/golden-fleece-1.0.9.tgz",
      "integrity": "sha512-YSwLaGMOgSBx9roJlNLL12c+FRiw7VECphinc6mGucphc/ZxTHgdEz6gmJqH6NOzYEd/yr64hwjom5pZ+tJVpg=="
    },
    "lodash.deburr": {
      "version": "4.1.0",
      "resolved": "https://registry.npmjs.org/lodash.deburr/-/lodash.deburr-4.1.0.tgz",
      "integrity": "sha1-3bG7s+8HRYwBd7oH3hRCLLAz/5s="
    },
    "svelte": {
      "version": "3.1.0",
      "resolved": "https://registry.npmjs.org/svelte/-/svelte-3.1.0.tgz",
      "integrity": "sha512-b5TyzV7Dx1ijN4QPNarhKq5rX98QHDmi18nF0G8KV3d5KX3Jj98Yu4+tzM97ktnXcfoVJmvONvPaX1ZI0mr8Dw==",
      "dev": true
    }
  }
}
