lockfileVersion: 5.3

specifiers:
  '@sindresorhus/slugify': ^0.9.1
  esm: ^3.2.25
  golden-fleece: ^1.0.9
  mocha: ^6.2.0
  svelte: ^3.9.2

dependencies:
  '@sindresorhus/slugify': 0.9.1
  golden-fleece: 1.0.9

devDependencies:
  esm: 3.2.25
  mocha: 6.2.3
  svelte: 3.37.0

packages:

  /@sindresorhus/slugify/0.9.1:
    resolution: {integrity: sha1-iSrSTXC0QsChT+UZy0AZ1ZvFBp8=}
    engines: {node: '>=8'}
    dependencies:
      escape-string-regexp: 1.0.5
      lodash.deburr: 4.1.0
    dev: false

  /ansi-colors/3.2.3:
    resolution: {integrity: sha1-V9NbhoboUeLMBMQD8cACA5dqGBM=}
    engines: {node: '>=6'}
    dev: true

  /ansi-regex/3.0.0:
    resolution: {integrity: sha1-7QMXwyIGT3lGbAKWa922Bas32Zg=}
    engines: {node: '>=4'}
    dev: true

  /ansi-regex/4.1.0:
    resolution: {integrity: sha1-i5+PCM8ay4Q3Vqg5yox+MWjFGZc=}
    engines: {node: '>=6'}
    dev: true

  /ansi-styles/3.2.1:
    resolution: {integrity: sha1-QfuyAkPlCxK+DwS43tvwdSDOhB0=}
    engines: {node: '>=4'}
    dependencies:
      color-convert: 1.9.3
    dev: true

  /argparse/1.0.10:
    resolution: {integrity: sha1-vNZ5HqWuCXJeF+WtmIE0zUCz2RE=}
    dependencies:
      sprintf-js: 1.0.3
    dev: true

  /balanced-match/1.0.2:
    resolution: {integrity: sha1-6D46fj8wCzTLnYf2FfoMvzV2kO4=}
    dev: true

  /brace-expansion/1.1.11:
    resolution: {integrity: sha1-PH/L9SnYcibz0vUrlm/1Jx60Qd0=}
    dependencies:
      balanced-match: 1.0.2
      concat-map: 0.0.1
    dev: true

  /browser-stdout/1.3.1:
    resolution: {integrity: sha1-uqVZ7hTO1zRSIputcyZGfGH6vWA=}
    dev: true

  /call-bind/1.0.2:
    resolution: {integrity: sha1-sdTonmiBGcPJqQOtMKuy9qkZvjw=}
    dependencies:
      function-bind: 1.1.1
      get-intrinsic: 1.1.1
    dev: true

  /camelcase/5.3.1:
    resolution: {integrity: sha1-48mzFWnhBoEd8kL3FXJaH0xJQyA=}
    engines: {node: '>=6'}
    dev: true

  /chalk/2.4.2:
    resolution: {integrity: sha1-zUJUFnelQzPPVBpJEIwUMrRMlCQ=}
    engines: {node: '>=4'}
    dependencies:
      ansi-styles: 3.2.1
      escape-string-regexp: 1.0.5
      supports-color: 5.5.0
    dev: true

  /cliui/5.0.0:
    resolution: {integrity: sha1-3u/P2y6AB4SqNPRvoI4GhRx7u8U=}
    dependencies:
      string-width: 3.1.0
      strip-ansi: 5.2.0
      wrap-ansi: 5.1.0
    dev: true

  /color-convert/1.9.3:
    resolution: {integrity: sha1-u3GFBpDh8TZWfeYp0tVHHe2kweg=}
    dependencies:
      color-name: 1.1.3
    dev: true

  /color-name/1.1.3:
    resolution: {integrity: sha1-p9BVi9icQveV3UIyj3QIMcpTvCU=}
    dev: true

  /concat-map/0.0.1:
    resolution: {integrity: sha1-2Klr13/Wjfd5OnMDajug1UBdR3s=}
    dev: true

  /debug/3.2.6:
    resolution: {integrity: sha1-6D0X3hbYp++3cX7b5fsQE17uYps=}
    deprecated: Debug versions >=3.2.0 <3.2.7 || >=4 <4.3.1 have a low-severity ReDos regression when used in a Node.js environment. It is recommended you upgrade to 3.2.7 or 4.3.1. (https://github.com/visionmedia/debug/issues/797)
    dependencies:
      ms: 2.1.1
    dev: true

  /decamelize/1.2.0:
    resolution: {integrity: sha1-9lNNFRSCabIDUue+4m9QH5oZEpA=}
    engines: {node: '>=0.10.0'}
    dev: true

  /define-properties/1.1.3:
    resolution: {integrity: sha1-z4jabL7ib+bbcJT2HYcMvYTO6fE=}
    engines: {node: '>= 0.4'}
    dependencies:
      object-keys: 1.1.1
    dev: true

  /diff/3.5.0:
    resolution: {integrity: sha1-gAwN0eCov7yVg1wgKtIg/jF+WhI=}
    engines: {node: '>=0.3.1'}
    dev: true

  /emoji-regex/7.0.3:
    resolution: {integrity: sha1-kzoEBShgyF6DwSJHnEdIqOTHIVY=}
    dev: true

  /es-abstract/1.18.0:
    resolution: {integrity: sha1-q4CzWe7Lft5MKYAAOQvFrD7HtaQ=}
    engines: {node: '>= 0.4'}
    dependencies:
      call-bind: 1.0.2
      es-to-primitive: 1.2.1
      function-bind: 1.1.1
      get-intrinsic: 1.1.1
      has: 1.0.3
      has-symbols: 1.0.2
      is-callable: 1.2.3
      is-negative-zero: 2.0.1
      is-regex: 1.1.2
      is-string: 1.0.5
      object-inspect: 1.10.2
      object-keys: 1.1.1
      object.assign: 4.1.2
      string.prototype.trimend: 1.0.4
      string.prototype.trimstart: 1.0.4
      unbox-primitive: 1.0.1
    dev: true

  /es-to-primitive/1.2.1:
    resolution: {integrity: sha1-5VzUyc3BiLzvsDs2bHNjI/xciYo=}
    engines: {node: '>= 0.4'}
    dependencies:
      is-callable: 1.2.3
      is-date-object: 1.0.2
      is-symbol: 1.0.3
    dev: true

  /escape-string-regexp/1.0.5:
    resolution: {integrity: sha1-G2HAViGQqN/2rjuyzwIAyhMLhtQ=}
    engines: {node: '>=0.8.0'}

  /esm/3.2.25:
    resolution: {integrity: sha1-NCwYwp1WFXaIulzjH4Qx+7eVzBA=}
    engines: {node: '>=6'}
    dev: true

  /esprima/4.0.1:
    resolution: {integrity: sha1-E7BM2z5sXRnfkatph6hpVhmwqnE=}
    engines: {node: '>=4'}
    hasBin: true
    dev: true

  /find-up/3.0.0:
    resolution: {integrity: sha1-SRafHXmTQwZG2mHsxa41XCHJe3M=}
    engines: {node: '>=6'}
    dependencies:
      locate-path: 3.0.0
    dev: true

  /flat/4.1.1:
    resolution: {integrity: sha1-o5IFnMOCiB/5hkL12k3eCpWfMJs=}
    hasBin: true
    dependencies:
      is-buffer: 2.0.5
    dev: true

  /fs.realpath/1.0.0:
    resolution: {integrity: sha1-FQStJSMVjKpA20onh8sBQRmU6k8=}
    dev: true

  /function-bind/1.1.1:
    resolution: {integrity: sha1-pWiZ0+o8m6uHS7l3O3xe3pL0iV0=}
    dev: true

  /get-caller-file/2.0.5:
    resolution: {integrity: sha1-T5RBKoLbMvNuOwuXQfipf+sDH34=}
    engines: {node: 6.* || 8.* || >= 10.*}
    dev: true

  /get-intrinsic/1.1.1:
    resolution: {integrity: sha1-FfWfN2+FXERpY5SPDSTNNje0q8Y=}
    dependencies:
      function-bind: 1.1.1
      has: 1.0.3
      has-symbols: 1.0.2
    dev: true

  /glob/7.1.3:
    resolution: {integrity: sha1-OWCDLT8VdBCDQtr9OmezMsCWnfE=}
    dependencies:
      fs.realpath: 1.0.0
      inflight: 1.0.6
      inherits: 2.0.4
      minimatch: 3.0.4
      once: 1.4.0
      path-is-absolute: 1.0.1
    dev: true

  /golden-fleece/1.0.9:
    resolution: {integrity: sha1-DEy7qLSTyKtM1AI0BDF6l3hTBvM=}
    dev: false

  /growl/1.10.5:
    resolution: {integrity: sha1-8nNdwig2dPpnR4sQGBBZNVw2nl4=}
    engines: {node: '>=4.x'}
    dev: true

  /has-bigints/1.0.1:
    resolution: {integrity: sha1-ZP5qywIGc+O3jbA1pa9pqp0HsRM=}
    dev: true

  /has-flag/3.0.0:
    resolution: {integrity: sha1-tdRU3CGZriJWmfNGfloH87lVuv0=}
    engines: {node: '>=4'}
    dev: true

  /has-symbols/1.0.2:
    resolution: {integrity: sha1-Fl0wcMADCXUqEjakeTMeOsVvFCM=}
    engines: {node: '>= 0.4'}
    dev: true

  /has/1.0.3:
    resolution: {integrity: sha1-ci18v8H2qoJB8W3YFOAR4fQeh5Y=}
    engines: {node: '>= 0.4.0'}
    dependencies:
      function-bind: 1.1.1
    dev: true

  /he/1.2.0:
    resolution: {integrity: sha1-hK5l+n6vsWX922FWauFLrwVmTw8=}
    hasBin: true
    dev: true

  /inflight/1.0.6:
    resolution: {integrity: sha1-Sb1jMdfQLQwJvJEKEHW6gWW1bfk=}
    dependencies:
      once: 1.4.0
      wrappy: 1.0.2
    dev: true

  /inherits/2.0.4:
    resolution: {integrity: sha1-D6LGT5MpF8NDOg3tVTY6rjdBa3w=}
    dev: true

  /is-bigint/1.0.1:
    resolution: {integrity: sha1-aSMFHfy8dkJ4VAuc4OazITql68I=}
    dev: true

  /is-boolean-object/1.1.0:
    resolution: {integrity: sha1-4qqtOjqPyjTCj27uE1sVbtJYf/A=}
    engines: {node: '>= 0.4'}
    dependencies:
      call-bind: 1.0.2
    dev: true

  /is-buffer/2.0.5:
    resolution: {integrity: sha1-68JS5ADSL/jXf6CYiIIaJKZYwZE=}
    engines: {node: '>=4'}
    dev: true

  /is-callable/1.2.3:
    resolution: {integrity: sha1-ix4FALc6HXbHBIdjbzaOUZ3o244=}
    engines: {node: '>= 0.4'}
    dev: true

  /is-date-object/1.0.2:
    resolution: {integrity: sha1-vac28s2P0G0yhE53Q7+nSUw7/X4=}
    engines: {node: '>= 0.4'}
    dev: true

  /is-fullwidth-code-point/2.0.0:
    resolution: {integrity: sha1-o7MKXE8ZkYMWeqq5O+764937ZU8=}
    engines: {node: '>=4'}
    dev: true

  /is-negative-zero/2.0.1:
    resolution: {integrity: sha1-PedGwY3aIxkkGlNnWQjY92bxHCQ=}
    engines: {node: '>= 0.4'}
    dev: true

  /is-number-object/1.0.4:
    resolution: {integrity: sha1-NqyV50HPGLKD/B3fXoPaeY4+wZc=}
    engines: {node: '>= 0.4'}
    dev: true

  /is-regex/1.1.2:
    resolution: {integrity: sha1-gcjr3k2xQvLPHFP8htakV4gmYlE=}
    engines: {node: '>= 0.4'}
    dependencies:
      call-bind: 1.0.2
      has-symbols: 1.0.2
    dev: true

  /is-string/1.0.5:
    resolution: {integrity: sha1-QEk+0ZjvP/R3uMf5L2ROyCpc06Y=}
    engines: {node: '>= 0.4'}
    dev: true

  /is-symbol/1.0.3:
    resolution: {integrity: sha1-OOEBS55jKb4N6dJKQU/XRB7GGTc=}
    engines: {node: '>= 0.4'}
    dependencies:
      has-symbols: 1.0.2
    dev: true

  /isexe/2.0.0:
    resolution: {integrity: sha1-6PvzdNxVb/iUehDcsFctYz8s+hA=}
    dev: true

  /js-yaml/3.13.1:
    resolution: {integrity: sha1-r/FRswv9+o5J4F2iLnQV6d+jeEc=}
    hasBin: true
    dependencies:
      argparse: 1.0.10
      esprima: 4.0.1
    dev: true

  /locate-path/3.0.0:
    resolution: {integrity: sha1-2+w7OrdZdYBxtY/ln8QYca8hQA4=}
    engines: {node: '>=6'}
    dependencies:
      p-locate: 3.0.0
      path-exists: 3.0.0
    dev: true

  /lodash.deburr/4.1.0:
    resolution: {integrity: sha1-3bG7s+8HRYwBd7oH3hRCLLAz/5s=}
    dev: false

  /lodash/4.17.21:
    resolution: {integrity: sha1-Z5WRxWTDv/quhFTPCz3zcMPWkRw=}
    dev: true

  /log-symbols/2.2.0:
    resolution: {integrity: sha1-V0Dhxdbw39pK2TI7UzIQfva0xAo=}
    engines: {node: '>=4'}
    dependencies:
      chalk: 2.4.2
    dev: true

  /minimatch/3.0.4:
    resolution: {integrity: sha1-UWbihkV/AzBgZL5Ul+jbsMPTIIM=}
    dependencies:
      brace-expansion: 1.1.11
    dev: true

  /minimist/1.2.5:
    resolution: {integrity: sha1-Z9ZgFLZqaoqqDAg8X9WN9OTpdgI=}
    dev: true

  /mkdirp/0.5.4:
    resolution: {integrity: sha1-/QFQSmeX7Fyb6B/0PSBJYe1kpRI=}
    deprecated: Legacy versions of mkdirp are no longer supported. Please update to mkdirp 1.x. (Note that the API surface has changed to use Promises in 1.x.)
    hasBin: true
    dependencies:
      minimist: 1.2.5
    dev: true

  /mocha/6.2.3:
    resolution: {integrity: sha1-5khDIYHYuZOTQQISZkRQpMHjGRI=}
    engines: {node: '>= 6.0.0'}
    hasBin: true
    dependencies:
      ansi-colors: 3.2.3
      browser-stdout: 1.3.1
      debug: 3.2.6
      diff: 3.5.0
      escape-string-regexp: 1.0.5
      find-up: 3.0.0
      glob: 7.1.3
      growl: 1.10.5
      he: 1.2.0
      js-yaml: 3.13.1
      log-symbols: 2.2.0
      minimatch: 3.0.4
      mkdirp: 0.5.4
      ms: 2.1.1
      node-environment-flags: 1.0.5
      object.assign: 4.1.0
      strip-json-comments: 2.0.1
      supports-color: 6.0.0
      which: 1.3.1
      wide-align: 1.1.3
      yargs: 13.3.2
      yargs-parser: 13.1.2
      yargs-unparser: 1.6.0
    dev: true

  /ms/2.1.1:
    resolution: {integrity: sha1-MKWGTrPrsKZvLr5tcnrwagnYbgo=}
    dev: true

  /node-environment-flags/1.0.5:
    resolution: {integrity: sha1-+pMCdfW/Xa4YjWGSsktMi7rD12o=}
    dependencies:
      object.getownpropertydescriptors: 2.1.2
      semver: 5.7.1
    dev: true

  /object-inspect/1.10.2:
    resolution: {integrity: sha1-tjhaPit8rgter8+Qzd+F0Sh2fzA=}
    dev: true

  /object-keys/1.1.1:
    resolution: {integrity: sha1-HEfyct8nfzsdrwYWd9nILiMixg4=}
    engines: {node: '>= 0.4'}
    dev: true

  /object.assign/4.1.0:
    resolution: {integrity: sha1-lovxEA15Vrs8oIbwBvhGs7xACNo=}
    engines: {node: '>= 0.4'}
    dependencies:
      define-properties: 1.1.3
      function-bind: 1.1.1
      has-symbols: 1.0.2
      object-keys: 1.1.1
    dev: true

  /object.assign/4.1.2:
    resolution: {integrity: sha1-DtVKNC7Os3s4/3brgxoOeIy2OUA=}
    engines: {node: '>= 0.4'}
    dependencies:
      call-bind: 1.0.2
      define-properties: 1.1.3
      has-symbols: 1.0.2
      object-keys: 1.1.1
    dev: true

  /object.getownpropertydescriptors/2.1.2:
    resolution: {integrity: sha1-G9Y66s8NXS0vMbXjk7A6fGAaI/c=}
    engines: {node: '>= 0.8'}
    dependencies:
      call-bind: 1.0.2
      define-properties: 1.1.3
      es-abstract: 1.18.0
    dev: true

  /once/1.4.0:
    resolution: {integrity: sha1-WDsap3WWHUsROsF9nFC6753Xa9E=}
    dependencies:
      wrappy: 1.0.2
    dev: true

  /p-limit/2.3.0:
    resolution: {integrity: sha1-PdM8ZHohT9//2DWTPrCG2g3CHbE=}
    engines: {node: '>=6'}
    dependencies:
      p-try: 2.2.0
    dev: true

  /p-locate/3.0.0:
    resolution: {integrity: sha1-Mi1poFwCZLJZl9n0DNiokasAZKQ=}
    engines: {node: '>=6'}
    dependencies:
      p-limit: 2.3.0
    dev: true

  /p-try/2.2.0:
    resolution: {integrity: sha1-yyhoVA4xPWHeWPr741zpAE1VQOY=}
    engines: {node: '>=6'}
    dev: true

  /path-exists/3.0.0:
    resolution: {integrity: sha1-zg6+ql94yxiSXqfYENe1mwEP1RU=}
    engines: {node: '>=4'}
    dev: true

  /path-is-absolute/1.0.1:
    resolution: {integrity: sha1-F0uSaHNVNP+8es5r9TpanhtcX18=}
    engines: {node: '>=0.10.0'}
    dev: true

  /require-directory/2.1.1:
    resolution: {integrity: sha1-jGStX9MNqxyXbiNE/+f3kqam30I=}
    engines: {node: '>=0.10.0'}
    dev: true

  /require-main-filename/2.0.0:
    resolution: {integrity: sha1-0LMp7MfMD2Fkn2IhW+aa9UqomJs=}
    dev: true

  /semver/5.7.1:
    resolution: {integrity: sha1-qVT5Ma66UI0we78Gnv8MAclhFvc=}
    hasBin: true
    dev: true

  /set-blocking/2.0.0:
    resolution: {integrity: sha1-BF+XgtARrppoA93TgrJDkrPYkPc=}
    dev: true

  /sprintf-js/1.0.3:
    resolution: {integrity: sha1-BOaSb2YolTVPPdAVIDYzuFcpfiw=}
    dev: true

  /string-width/2.1.1:
    resolution: {integrity: sha1-q5Pyeo3BPSjKyBXEYhQ6bZASrp4=}
    engines: {node: '>=4'}
    dependencies:
      is-fullwidth-code-point: 2.0.0
      strip-ansi: 4.0.0
    dev: true

  /string-width/3.1.0:
    resolution: {integrity: sha1-InZ74htirxCBV0MG9prFG2IgOWE=}
    engines: {node: '>=6'}
    dependencies:
      emoji-regex: 7.0.3
      is-fullwidth-code-point: 2.0.0
      strip-ansi: 5.2.0
    dev: true

  /string.prototype.trimend/1.0.4:
    resolution: {integrity: sha1-51rpDClCxjUEaGwYsoe0oLGkX4A=}
    dependencies:
      call-bind: 1.0.2
      define-properties: 1.1.3
    dev: true

  /string.prototype.trimstart/1.0.4:
    resolution: {integrity: sha1-s2OZr0qymZtMnGSL16P7K7Jv7u0=}
    dependencies:
      call-bind: 1.0.2
      define-properties: 1.1.3
    dev: true

  /strip-ansi/4.0.0:
    resolution: {integrity: sha1-qEeQIusaw2iocTibY1JixQXuNo8=}
    engines: {node: '>=4'}
    dependencies:
      ansi-regex: 3.0.0
    dev: true

  /strip-ansi/5.2.0:
    resolution: {integrity: sha1-jJpTb+tq/JYr36WxBKUJHBrZwK4=}
    engines: {node: '>=6'}
    dependencies:
      ansi-regex: 4.1.0
    dev: true

  /strip-json-comments/2.0.1:
    resolution: {integrity: sha1-PFMZQukIwml8DsNEhYwobHygpgo=}
    engines: {node: '>=0.10.0'}
    dev: true

  /supports-color/5.5.0:
    resolution: {integrity: sha1-4uaaRKyHcveKHsCzW2id9lMO/I8=}
    engines: {node: '>=4'}
    dependencies:
      has-flag: 3.0.0
    dev: true

  /supports-color/6.0.0:
    resolution: {integrity: sha1-ds/nQs8fQbubHCmtAwaMBbTA5Ao=}
    engines: {node: '>=6'}
    dependencies:
      has-flag: 3.0.0
    dev: true

  /svelte/3.37.0:
    resolution: {integrity: sha1-3HzSS8wnXNs/jGhK2onlBIkUTM0=}
    engines: {node: '>= 8'}
    dev: true

  /unbox-primitive/1.0.1:
    resolution: {integrity: sha1-CF4hViXsMWJXTciFmr7nilmxRHE=}
    dependencies:
      function-bind: 1.1.1
      has-bigints: 1.0.1
      has-symbols: 1.0.2
      which-boxed-primitive: 1.0.2
    dev: true

  /which-boxed-primitive/1.0.2:
    resolution: {integrity: sha1-E3V7yJsgmwSf5dhkMOIc9AqJqOY=}
    dependencies:
      is-bigint: 1.0.1
      is-boolean-object: 1.1.0
      is-number-object: 1.0.4
      is-string: 1.0.5
      is-symbol: 1.0.3
    dev: true

  /which-module/2.0.0:
    resolution: {integrity: sha1-2e8H3Od7mQK4o6j6SzHD4/fm6Ho=}
    dev: true

  /which/1.3.1:
    resolution: {integrity: sha1-pFBD1U9YBTFtqNYvn1CRjT2nCwo=}
    hasBin: true
    dependencies:
      isexe: 2.0.0
    dev: true

  /wide-align/1.1.3:
    resolution: {integrity: sha1-rgdOa9wMFKQx6ATmJFScYzsABFc=}
    dependencies:
      string-width: 2.1.1
    dev: true

  /wrap-ansi/5.1.0:
    resolution: {integrity: sha1-H9H2cjXVttD+54EFYAG/tpTAOwk=}
    engines: {node: '>=6'}
    dependencies:
      ansi-styles: 3.2.1
      string-width: 3.1.0
      strip-ansi: 5.2.0
    dev: true

  /wrappy/1.0.2:
    resolution: {integrity: sha1-tSQ9jz7BqjXxNkYFvA0QNuMKtp8=}
    dev: true

  /y18n/4.0.3:
    resolution: {integrity: sha1-tfJZyCzW4zaSHv17/Yv1YN6e7t8=}
    dev: true

  /yargs-parser/13.1.2:
    resolution: {integrity: sha1-Ew8JcC667vJlDVTObj5XBvek+zg=}
    dependencies:
      camelcase: 5.3.1
      decamelize: 1.2.0
    dev: true

  /yargs-unparser/1.6.0:
    resolution: {integrity: sha1-7yXCx2n/a9CeSw+dfGBfsnhG6p8=}
    engines: {node: '>=6'}
    dependencies:
      flat: 4.1.1
      lodash: 4.17.21
      yargs: 13.3.2
    dev: true

  /yargs/13.3.2:
    resolution: {integrity: sha1-rX/+/sGqWVZayRX4Lcyzipwxot0=}
    dependencies:
      cliui: 5.0.0
      find-up: 3.0.0
      get-caller-file: 2.0.5
      require-directory: 2.1.1
      require-main-filename: 2.0.0
      set-blocking: 2.0.0
      string-width: 3.1.0
      which-module: 2.0.0
      y18n: 4.0.3
      yargs-parser: 13.1.2
    dev: true
